
Microsoft Visual Studio Solution File, Format Version 12.00
# Visual Studio Version 17
VisualStudioVersion = 17.13.35931.197 d17.13
MinimumVisualStudioVersion = 10.0.40219.1
Project("{FAE04EC0-301F-11D3-BF4B-00C04F79EFBC}") = "custom_indexers", "custom_indexers.csproj", "{F13BA6D1-96C3-4BC3-8F20-C8C129CDF8B0}"
EndProject
Global
	GlobalSection(SolutionConfigurationPlatforms) = preSolution
		Debug|Any CPU = Debug|Any CPU
		Release|Any CPU = Release|Any CPU
	EndGlobalSection
	GlobalSection(ProjectConfigurationPlatforms) = postSolution
		{F13BA6D1-96C3-4BC3-8F20-C8C129CDF8B0}.Debug|Any CPU.ActiveCfg = Debug|Any CPU
		{F13BA6D1-96C3-4BC3-8F20-C8C129CDF8B0}.Debug|Any CPU.Build.0 = Debug|Any CPU
		{F13BA6D1-96C3-4BC3-8F20-C8C129CDF8B0}.Release|Any CPU.ActiveCfg = Release|Any CPU
		{F13BA6D1-96C3-4BC3-8F20-C8C129CDF8B0}.Release|Any CPU.Build.0 = Release|Any CPU
	EndGlobalSection
	GlobalSection(SolutionProperties) = preSolution
		HideSolutionNode = FALSE
	EndGlobalSection
	GlobalSection(ExtensibilityGlobals) = postSolution
		SolutionGuid = {1B41B8EB-6EEF-4CFC-9841-19B53211EDF8}
	EndGlobalSection
EndGlobal
